// !$*UTF8*$!
{
	archiveVersion = 1;
	classes = {
	};
	objectVersion = 46;
	objects = {

/* Begin PBXBuildFile section */
		63AB1AC31F5EEA6700A1FF47 /* TimerViewController.swift in Sources */ = {isa = PBXBuildFile; fileRef = 63AB1AC21F5EEA6700A1FF47 /* TimerViewController.swift */; };
		63AB1AC51F5EEAD900A1FF47 /* StopwatchViewController.swift in Sources */ = {isa = PBXBuildFile; fileRef = 63AB1AC41F5EEAD900A1FF47 /* StopwatchViewController.swift */; };
		63DD4F601F5B44B30096E605 /* AppDelegate.swift in Sources */ = {isa = PBXBuildFile; fileRef = 63DD4F5F1F5B44B30096E605 /* AppDelegate.swift */; };
		63DD4F651F5B44B40096E605 /* Main.storyboard in Resources */ = {isa = PBXBuildFile; fileRef = 63DD4F631F5B44B40096E605 /* Main.storyboard */; };
		63DD4F671F5B44B40096E605 /* Assets.xcassets in Resources */ = {isa = PBXBuildFile; fileRef = 63DD4F661F5B44B40096E605 /* Assets.xcassets */; };
		63DD4F6A1F5B44B40096E605 /* LaunchScreen.storyboard in Resources */ = {isa = PBXBuildFile; fileRef = 63DD4F681F5B44B40096E605 /* LaunchScreen.storyboard */; };
		8420513F1F8E8C03003FACF2 /* TimerSettingsController.swift in Sources */ = {isa = PBXBuildFile; fileRef = 8420513E1F8E8C03003FACF2 /* TimerSettingsController.swift */; };
		84AC10611F84BF610052DF85 /* complete.wav in Resources */ = {isa = PBXBuildFile; fileRef = 84AC10601F84BF5A0052DF85 /* complete.wav */; };
		84CC442C1F6FD449005F6B73 /* Time.swift in Sources */ = {isa = PBXBuildFile; fileRef = 84CC442B1F6FD449005F6B73 /* Time.swift */; };
		84D45B2A1F83C60D000CBA14 /* end.wav in Resources */ = {isa = PBXBuildFile; fileRef = 84D45B291F83C605000CBA14 /* end.wav */; };
		84F030DA1F7AB1F4003DE621 /* FaceIt.swift in Sources */ = {isa = PBXBuildFile; fileRef = 84F030D91F7AB1F4003DE621 /* FaceIt.swift */; };
		84FFDB471F83AC5200E1EF94 /* work.wav in Resources */ = {isa = PBXBuildFile; fileRef = 84C815851F8281B300E27E62 /* work.wav */; };
/* End PBXBuildFile section */

/* Begin PBXFileReference section */
		63AB1AC21F5EEA6700A1FF47 /* TimerViewController.swift */ = {isa = PBXFileReference; lastKnownFileType = sourcecode.swift; path = TimerViewController.swift; sourceTree = "<group>"; };
		63AB1AC41F5EEAD900A1FF47 /* StopwatchViewController.swift */ = {isa = PBXFileReference; lastKnownFileType = sourcecode.swift; path = StopwatchViewController.swift; sourceTree = "<group>"; };
		63DD4F5C1F5B44B30096E605 /* WorkoutTimer.app */ = {isa = PBXFileReference; explicitFileType = wrapper.application; includeInIndex = 0; path = WorkoutTimer.app; sourceTree = BUILT_PRODUCTS_DIR; };
		63DD4F5F1F5B44B30096E605 /* AppDelegate.swift */ = {isa = PBXFileReference; lastKnownFileType = sourcecode.swift; path = AppDelegate.swift; sourceTree = "<group>"; };
		63DD4F641F5B44B40096E605 /* Base */ = {isa = PBXFileReference; lastKnownFileType = file.storyboard; name = Base; path = Base.lproj/Main.storyboard; sourceTree = "<group>"; };
		63DD4F661F5B44B40096E605 /* Assets.xcassets */ = {isa = PBXFileReference; lastKnownFileType = folder.assetcatalog; path = Assets.xcassets; sourceTree = "<group>"; };
		63DD4F691F5B44B40096E605 /* Base */ = {isa = PBXFileReference; lastKnownFileType = file.storyboard; name = Base; path = Base.lproj/LaunchScreen.storyboard; sourceTree = "<group>"; };
		63DD4F6B1F5B44B40096E605 /* Info.plist */ = {isa = PBXFileReference; lastKnownFileType = text.plist.xml; path = Info.plist; sourceTree = "<group>"; };
		8420513E1F8E8C03003FACF2 /* TimerSettingsController.swift */ = {isa = PBXFileReference; lastKnownFileType = sourcecode.swift; path = TimerSettingsController.swift; sourceTree = "<group>"; };
		84AC10601F84BF5A0052DF85 /* complete.wav */ = {isa = PBXFileReference; lastKnownFileType = audio.wav; path = complete.wav; sourceTree = "<group>"; };
		84C815851F8281B300E27E62 /* work.wav */ = {isa = PBXFileReference; lastKnownFileType = audio.wav; path = work.wav; sourceTree = "<group>"; };
		84CC442B1F6FD449005F6B73 /* Time.swift */ = {isa = PBXFileReference; fileEncoding = 4; lastKnownFileType = sourcecode.swift; path = Time.swift; sourceTree = "<group>"; };
		84D45B291F83C605000CBA14 /* end.wav */ = {isa = PBXFileReference; lastKnownFileType = audio.wav; path = end.wav; sourceTree = "<group>"; };
		84F030D91F7AB1F4003DE621 /* FaceIt.swift */ = {isa = PBXFileReference; lastKnownFileType = sourcecode.swift; path = FaceIt.swift; sourceTree = "<group>"; };
/* End PBXFileReference section */

/* Begin PBXFrameworksBuildPhase section */
		63DD4F591F5B44B30096E605 /* Frameworks */ = {
			isa = PBXFrameworksBuildPhase;
			buildActionMask = 2147483647;
			files = (
			);
			runOnlyForDeploymentPostprocessing = 0;
		};
/* End PBXFrameworksBuildPhase section */

/* Begin PBXGroup section */
		63DD4F531F5B44B30096E605 = {
			isa = PBXGroup;
			children = (
				63DD4F5E1F5B44B30096E605 /* WorkoutTimer */,
				63DD4F5D1F5B44B30096E605 /* Products */,
			);
			sourceTree = "<group>";
		};
		63DD4F5D1F5B44B30096E605 /* Products */ = {
			isa = PBXGroup;
			children = (
				63DD4F5C1F5B44B30096E605 /* WorkoutTimer.app */,
			);
			name = Products;
			sourceTree = "<group>";
		};
		63DD4F5E1F5B44B30096E605 /* WorkoutTimer */ = {
			isa = PBXGroup;
			children = (
				840AFD911F9DE8CF006C3DA0 /* Supported Files */,
				84C815861F8281D300E27E62 /* Audio */,
				84A3A81B1F6152700018461C /* Models */,
				840AFD901F9DE881006C3DA0 /* Controllers */,
				84F030D91F7AB1F4003DE621 /* FaceIt.swift */,
				63DD4F631F5B44B40096E605 /* Main.storyboard */,
				63DD4F661F5B44B40096E605 /* Assets.xcassets */,
			);
			path = WorkoutTimer;
			sourceTree = "<group>";
		};
		840AFD901F9DE881006C3DA0 /* Controllers */ = {
			isa = PBXGroup;
			children = (
				63AB1AC41F5EEAD900A1FF47 /* StopwatchViewController.swift */,
				63AB1AC21F5EEA6700A1FF47 /* TimerViewController.swift */,
				8420513E1F8E8C03003FACF2 /* TimerSettingsController.swift */,
			);
			name = Controllers;
			sourceTree = "<group>";
		};
		840AFD911F9DE8CF006C3DA0 /* Supported Files */ = {
			isa = PBXGroup;
			children = (
				63DD4F5F1F5B44B30096E605 /* AppDelegate.swift */,
				63DD4F681F5B44B40096E605 /* LaunchScreen.storyboard */,
				63DD4F6B1F5B44B40096E605 /* Info.plist */,
			);
			name = "Supported Files";
			sourceTree = "<group>";
		};
		84A3A81B1F6152700018461C /* Models */ = {
			isa = PBXGroup;
			children = (
				84CC442B1F6FD449005F6B73 /* Time.swift */,
			);
			name = Models;
			sourceTree = "<group>";
		};
		84C815861F8281D300E27E62 /* Audio */ = {
			isa = PBXGroup;
			children = (
				84C815851F8281B300E27E62 /* work.wav */,
				84AC10601F84BF5A0052DF85 /* complete.wav */,
				84D45B291F83C605000CBA14 /* end.wav */,
			);
			name = Audio;
			sourceTree = "<group>";
		};
/* End PBXGroup section */

/* Begin PBXNativeTarget section */
		63DD4F5B1F5B44B30096E605 /* WorkoutTimer */ = {
			isa = PBXNativeTarget;
			buildConfigurationList = 63DD4F6E1F5B44B40096E605 /* Build configuration list for PBXNativeTarget "WorkoutTimer" */;
			buildPhases = (
				63DD4F581F5B44B30096E605 /* Sources */,
				63DD4F591F5B44B30096E605 /* Frameworks */,
				63DD4F5A1F5B44B30096E605 /* Resources */,
			);
			buildRules = (
			);
			dependencies = (
			);
			name = WorkoutTimer;
			productName = WorkoutTimer;
			productReference = 63DD4F5C1F5B44B30096E605 /* WorkoutTimer.app */;
			productType = "com.apple.product-type.application";
		};
/* End PBXNativeTarget section */

/* Begin PBXProject section */
		63DD4F541F5B44B30096E605 /* Project object */ = {
			isa = PBXProject;
			attributes = {
				LastSwiftUpdateCheck = 0830;
				LastUpgradeCheck = 0900;
				ORGANIZATIONNAME = "Anton Pobigai";
				TargetAttributes = {
					63DD4F5B1F5B44B30096E605 = {
						CreatedOnToolsVersion = 8.3.2;
						DevelopmentTeam = DU7RQJED2A;
						LastSwiftMigration = 0900;
						ProvisioningStyle = Automatic;
					};
				};
			};
			buildConfigurationList = 63DD4F571F5B44B30096E605 /* Build configuration list for PBXProject "WorkoutTimer" */;
			compatibilityVersion = "Xcode 3.2";
			developmentRegion = English;
			hasScannedForEncodings = 0;
			knownRegions = (
				en,
				Base,
			);
			mainGroup = 63DD4F531F5B44B30096E605;
			productRefGroup = 63DD4F5D1F5B44B30096E605 /* Products */;
			projectDirPath = "";
			projectRoot = "";
			targets = (
				63DD4F5B1F5B44B30096E605 /* WorkoutTimer */,
			);
		};
/* End PBXProject section */

/* Begin PBXResourcesBuildPhase section */
		63DD4F5A1F5B44B30096E605 /* Resources */ = {
			isa = PBXResourcesBuildPhase;
			buildActionMask = 2147483647;
			files = (
				84AC10611F84BF610052DF85 /* complete.wav in Resources */,
				84D45B2A1F83C60D000CBA14 /* end.wav in Resources */,
				84FFDB471F83AC5200E1EF94 /* work.wav in Resources */,
				63DD4F6A1F5B44B40096E605 /* LaunchScreen.storyboard in Resources */,
				63DD4F671F5B44B40096E605 /* Assets.xcassets in Resources */,
				63DD4F651F5B44B40096E605 /* Main.storyboard in Resources */,
			);
			runOnlyForDeploymentPostprocessing = 0;
		};
/* End PBXResourcesBuildPhase section */

/* Begin PBXSourcesBuildPhase section */
		63DD4F581F5B44B30096E605 /* Sources */ = {
			isa = PBXSourcesBuildPhase;
			buildActionMask = 2147483647;
			files = (
				63AB1AC51F5EEAD900A1FF47 /* StopwatchViewController.swift in Sources */,
				84F030DA1F7AB1F4003DE621 /* FaceIt.swift in Sources */,
				84CC442C1F6FD449005F6B73 /* Time.swift in Sources */,
				63AB1AC31F5EEA6700A1FF47 /* TimerViewController.swift in Sources */,
				8420513F1F8E8C03003FACF2 /* TimerSettingsController.swift in Sources */,
				63DD4F601F5B44B30096E605 /* AppDelegate.swift in Sources */,
			);
			runOnlyForDeploymentPostprocessing = 0;
		};
/* End PBXSourcesBuildPhase section */

/* Begin PBXVariantGroup section */
		63DD4F631F5B44B40096E605 /* Main.storyboard */ = {
			isa = PBXVariantGroup;
			children = (
				63DD4F641F5B44B40096E605 /* Base */,
			);
			name = Main.storyboard;
			sourceTree = "<group>";
		};
		63DD4F681F5B44B40096E605 /* LaunchScreen.storyboard */ = {
			isa = PBXVariantGroup;
			children = (
				63DD4F691F5B44B40096E605 /* Base */,
			);
			name = LaunchScreen.storyboard;
			sourceTree = "<group>";
		};
/* End PBXVariantGroup section */

/* Begin XCBuildConfiguration section */
		63DD4F6C1F5B44B40096E605 /* Debug */ = {
			isa = XCBuildConfiguration;
			buildSettings = {
				ALWAYS_SEARCH_USER_PATHS = NO;
				CLANG_ANALYZER_NONNULL = YES;
				CLANG_ANALYZER_NUMBER_OBJECT_CONVERSION = YES_AGGRESSIVE;
				CLANG_CXX_LANGUAGE_STANDARD = "gnu++0x";
				CLANG_CXX_LIBRARY = "libc++";
				CLANG_ENABLE_MODULES = YES;
				CLANG_ENABLE_OBJC_ARC = YES;
				CLANG_WARN_BLOCK_CAPTURE_AUTORELEASING = YES;
				CLANG_WARN_BOOL_CONVERSION = YES;
				CLANG_WARN_COMMA = YES;
				CLANG_WARN_CONSTANT_CONVERSION = YES;
				CLANG_WARN_DIRECT_OBJC_ISA_USAGE = YES_ERROR;
				CLANG_WARN_DOCUMENTATION_COMMENTS = YES;
				CLANG_WARN_EMPTY_BODY = YES;
				CLANG_WARN_ENUM_CONVERSION = YES;
				CLANG_WARN_INFINITE_RECURSION = YES;
				CLANG_WARN_INT_CONVERSION = YES;
				CLANG_WARN_NON_LITERAL_NULL_CONVERSION = YES;
				CLANG_WARN_OBJC_LITERAL_CONVERSION = YES;
				CLANG_WARN_OBJC_ROOT_CLASS = YES_ERROR;
				CLANG_WARN_RANGE_LOOP_ANALYSIS = YES;
				CLANG_WARN_STRICT_PROTOTYPES = YES;
				CLANG_WARN_SUSPICIOUS_MOVE = YES;
				CLANG_WARN_UNREACHABLE_CODE = YES;
				CLANG_WARN__DUPLICATE_METHOD_MATCH = YES;
				CODE_SIGN_IDENTITY = "iPhone Developer";
				"CODE_SIGN_IDENTITY[sdk=iphoneos*]" = "iPhone Developer";
				COPY_PHASE_STRIP = NO;
				DEBUG_INFORMATION_FORMAT = dwarf;
				ENABLE_STRICT_OBJC_MSGSEND = YES;
				ENABLE_TESTABILITY = YES;
				GCC_C_LANGUAGE_STANDARD = gnu99;
				GCC_DYNAMIC_NO_PIC = NO;
				GCC_NO_COMMON_BLOCKS = YES;
				GCC_OPTIMIZATION_LEVEL = 0;
				GCC_PREPROCESSOR_DEFINITIONS = (
					"DEBUG=1",
					"$(inherited)",
				);
				GCC_WARN_64_TO_32_BIT_CONVERSION = YES;
				GCC_WARN_ABOUT_RETURN_TYPE = YES_ERROR;
				GCC_WARN_UNDECLARED_SELECTOR = YES;
				GCC_WARN_UNINITIALIZED_AUTOS = YES_AGGRESSIVE;
				GCC_WARN_UNUSED_FUNCTION = YES;
				GCC_WARN_UNUSED_VARIABLE = YES;
				IPHONEOS_DEPLOYMENT_TARGET = 11.0;
				MTL_ENABLE_DEBUG_INFO = YES;
				ONLY_ACTIVE_ARCH = YES;
				SDKROOT = iphoneos;
				SWIFT_ACTIVE_COMPILATION_CONDITIONS = DEBUG;
				SWIFT_OPTIMIZATION_LEVEL = "-Onone";
			};
			name = Debug;
		};
		63DD4F6D1F5B44B40096E605 /* Release */ = {
			isa = XCBuildConfiguration;
			buildSettings = {
				ALWAYS_SEARCH_USER_PATHS = NO;
				CLANG_ANALYZER_NONNULL = YES;
				CLANG_ANALYZER_NUMBER_OBJECT_CONVERSION = YES_AGGRESSIVE;
				CLANG_CXX_LANGUAGE_STANDARD = "gnu++0x";
				CLANG_CXX_LIBRARY = "libc++";
				CLANG_ENABLE_MODULES = YES;
				CLANG_ENABLE_OBJC_ARC = YES;
				CLANG_WARN_BLOCK_CAPTURE_AUTORELEASING = YES;
				CLANG_WARN_BOOL_CONVERSION = YES;
				CLANG_WARN_COMMA = YES;
				CLANG_WARN_CONSTANT_CONVERSION = YES;
				CLANG_WARN_DIRECT_OBJC_ISA_USAGE = YES_ERROR;
				CLANG_WARN_DOCUMENTATION_COMMENTS = YES;
				CLANG_WARN_EMPTY_BODY = YES;
				CLANG_WARN_ENUM_CONVERSION = YES;
				CLANG_WARN_INFINITE_RECURSION = YES;
				CLANG_WARN_INT_CONVERSION = YES;
				CLANG_WARN_NON_LITERAL_NULL_CONVERSION = YES;
				CLANG_WARN_OBJC_LITERAL_CONVERSION = YES;
				CLANG_WARN_OBJC_ROOT_CLASS = YES_ERROR;
				CLANG_WARN_RANGE_LOOP_ANALYSIS = YES;
				CLANG_WARN_STRICT_PROTOTYPES = YES;
				CLANG_WARN_SUSPICIOUS_MOVE = YES;
				CLANG_WARN_UNREACHABLE_CODE = YES;
				CLANG_WARN__DUPLICATE_METHOD_MATCH = YES;
				CODE_SIGN_IDENTITY = "iPhone Developer";
				"CODE_SIGN_IDENTITY[sdk=iphoneos*]" = "iPhone Developer";
				COPY_PHASE_STRIP = NO;
				DEBUG_INFORMATION_FORMAT = "dwarf-with-dsym";
				ENABLE_NS_ASSERTIONS = NO;
				ENABLE_STRICT_OBJC_MSGSEND = YES;
				GCC_C_LANGUAGE_STANDARD = gnu99;
				GCC_NO_COMMON_BLOCKS = YES;
				GCC_WARN_64_TO_32_BIT_CONVERSION = YES;
				GCC_WARN_ABOUT_RETURN_TYPE = YES_ERROR;
				GCC_WARN_UNDECLARED_SELECTOR = YES;
				GCC_WARN_UNINITIALIZED_AUTOS = YES_AGGRESSIVE;
				GCC_WARN_UNUSED_FUNCTION = YES;
				GCC_WARN_UNUSED_VARIABLE = YES;
				IPHONEOS_DEPLOYMENT_TARGET = 11.0;
				MTL_ENABLE_DEBUG_INFO = NO;
				SDKROOT = iphoneos;
				SWIFT_OPTIMIZATION_LEVEL = "-Owholemodule";
				VALIDATE_PRODUCT = YES;
			};
			name = Release;
		};
		63DD4F6F1F5B44B40096E605 /* Debug */ = {
			isa = XCBuildConfiguration;
			buildSettings = {
				ASSETCATALOG_COMPILER_APPICON_NAME = AppIcon;
				CODE_SIGN_IDENTITY = "iPhone Developer";
				"CODE_SIGN_IDENTITY[sdk=iphoneos*]" = "iPhone Developer";
				CODE_SIGN_STYLE = Automatic;
				DEVELOPMENT_TEAM = "";
				INFOPLIST_FILE = WorkoutTimer/Info.plist;
				IPHONEOS_DEPLOYMENT_TARGET = 11.0;
				LD_RUNPATH_SEARCH_PATHS = "$(inherited) @executable_path/Frameworks";
				PRODUCT_BUNDLE_IDENTIFIER = com.WorkoutTimer;
				PRODUCT_NAME = "$(TARGET_NAME)";
				PROVISIONING_PROFILE_SPECIFIER = "";
				SWIFT_SWIFT3_OBJC_INFERENCE = Default;
				SWIFT_VERSION = 4.0;
				TARGETED_DEVICE_FAMILY = "1,2";
			};
			name = Debug;
		};
		63DD4F701F5B44B40096E605 /* Release */ = {
			isa = XCBuildConfiguration;
			buildSettings = {
				ASSETCATALOG_COMPILER_APPICON_NAME = AppIcon;
				CODE_SIGN_IDENTITY = "iPhone Developer";
				"CODE_SIGN_IDENTITY[sdk=iphoneos*]" = "iPhone Developer";
				CODE_SIGN_STYLE = Automatic;
				DEVELOPMENT_TEAM = "";
				INFOPLIST_FILE = WorkoutTimer/Info.plist;
				IPHONEOS_DEPLOYMENT_TARGET = 11.0;
				LD_RUNPATH_SEARCH_PATHS = "$(inherited) @executable_path/Frameworks";
				PRODUCT_BUNDLE_IDENTIFIER = com.WorkoutTimer;
				PRODUCT_NAME = "$(TARGET_NAME)";
				PROVISIONING_PROFILE_SPECIFIER = "";
				SWIFT_SWIFT3_OBJC_INFERENCE = Default;
				SWIFT_VERSION = 4.0;
				TARGETED_DEVICE_FAMILY = "1,2";
			};
			name = Release;
		};
/* End XCBuildConfiguration section */

/* Begin XCConfigurationList section */
		63DD4F571F5B44B30096E605 /* Build configuration list for PBXProject "WorkoutTimer" */ = {
			isa = XCConfigurationList;
			buildConfigurations = (
				63DD4F6C1F5B44B40096E605 /* Debug */,
				63DD4F6D1F5B44B40096E605 /* Release */,
			);
			defaultConfigurationIsVisible = 0;
			defaultConfigurationName = Debug;
		};
		63DD4F6E1F5B44B40096E605 /* Build configuration list for PBXNativeTarget "WorkoutTimer" */ = {
			isa = XCConfigurationList;
			buildConfigurations = (
				63DD4F6F1F5B44B40096E605 /* Debug */,
				63DD4F701F5B44B40096E605 /* Release */,
			);
			defaultConfigurationIsVisible = 0;
			defaultConfigurationName = Debug;
		};
/* End XCConfigurationList section */
	};
	rootObject = 63DD4F541F5B44B30096E605 /* Project object */;
}
